
Microsoft Visual Studio Solution File, Format Version 12.00
# Visual Studio Version 17
VisualStudioVersion = 17.6.33815.320
MinimumVisualStudioVersion = 10.0.40219.1
Project("{9A19103F-16F7-4668-BE54-9A1E7A4F7556}") = "DocumentManagementSystem.Domain", "Domain\DocumentManagementSystem.Domain.csproj", "{ECAA77B3-18A6-4607-A0F7-5E6F365C3522}"
EndProject
Project("{9A19103F-16F7-4668-BE54-9A1E7A4F7556}") = "DocumentManagementSystem.Services", "Application\DocumentManagementSystem.Services.csproj", "{A9241918-A5D6-44F1-AFB7-A6B1EE848084}"
EndProject
Project("{9A19103F-16F7-4668-BE54-9A1E7A4F7556}") = "DocumentManagementSystem.Infrastructure", "Infrasturcture\DocumentManagementSystem.Infrastructure.csproj", "{68AD80F4-F077-456A-96E6-B7F711715934}"
EndProject
Project("{9A19103F-16F7-4668-BE54-9A1E7A4F7556}") = "DocumentManagementSystem.API", "Presentaion\DocumentManagementSystem.API.csproj", "{6E8A7C3D-1AC9-4C2B-B108-1F9294C52970}"
EndProject
Global
	GlobalSection(SolutionConfigurationPlatforms) = preSolution
		Debug|Any CPU = Debug|Any CPU
		Release|Any CPU = Release|Any CPU
	EndGlobalSection
	GlobalSection(ProjectConfigurationPlatforms) = postSolution
		{ECAA77B3-18A6-4607-A0F7-5E6F365C3522}.Debug|Any CPU.ActiveCfg = Debug|Any CPU
		{ECAA77B3-18A6-4607-A0F7-5E6F365C3522}.Debug|Any CPU.Build.0 = Debug|Any CPU
		{ECAA77B3-18A6-4607-A0F7-5E6F365C3522}.Release|Any CPU.ActiveCfg = Release|Any CPU
		{ECAA77B3-18A6-4607-A0F7-5E6F365C3522}.Release|Any CPU.Build.0 = Release|Any CPU
		{A9241918-A5D6-44F1-AFB7-A6B1EE848084}.Debug|Any CPU.ActiveCfg = Debug|Any CPU
		{A9241918-A5D6-44F1-AFB7-A6B1EE848084}.Debug|Any CPU.Build.0 = Debug|Any CPU
		{A9241918-A5D6-44F1-AFB7-A6B1EE848084}.Release|Any CPU.ActiveCfg = Release|Any CPU
		{A9241918-A5D6-44F1-AFB7-A6B1EE848084}.Release|Any CPU.Build.0 = Release|Any CPU
		{68AD80F4-F077-456A-96E6-B7F711715934}.Debug|Any CPU.ActiveCfg = Debug|Any CPU
		{68AD80F4-F077-456A-96E6-B7F711715934}.Debug|Any CPU.Build.0 = Debug|Any CPU
		{68AD80F4-F077-456A-96E6-B7F711715934}.Release|Any CPU.ActiveCfg = Release|Any CPU
		{68AD80F4-F077-456A-96E6-B7F711715934}.Release|Any CPU.Build.0 = Release|Any CPU
		{6E8A7C3D-1AC9-4C2B-B108-1F9294C52970}.Debug|Any CPU.ActiveCfg = Debug|Any CPU
		{6E8A7C3D-1AC9-4C2B-B108-1F9294C52970}.Debug|Any CPU.Build.0 = Debug|Any CPU
		{6E8A7C3D-1AC9-4C2B-B108-1F9294C52970}.Release|Any CPU.ActiveCfg = Release|Any CPU
		{6E8A7C3D-1AC9-4C2B-B108-1F9294C52970}.Release|Any CPU.Build.0 = Release|Any CPU
	EndGlobalSection
	GlobalSection(SolutionProperties) = preSolution
		HideSolutionNode = FALSE
	EndGlobalSection
	GlobalSection(ExtensibilityGlobals) = postSolution
		SolutionGuid = {5CBDDFBE-D1D6-490E-87AD-EF996CECA3DE}
	EndGlobalSection
EndGlobal
